// !$*UTF8*$!
{
	archiveVersion = 1;
	classes = {
	};
	objectVersion = 50;
	objects = {

/* Begin PBXBuildFile section */
		AE1BD1FB2641A60C00F9E74C /* AlertHider.swift in Sources */ = {isa = PBXBuildFile; fileRef = AE1BD1FA2641A60C00F9E74C /* AlertHider.swift */; };
		AE1BD1FF2641AB2E00F9E74C /* AmongUsMiniGame.swift in Sources */ = {isa = PBXBuildFile; fileRef = AE1BD1FE2641AB2E00F9E74C /* AmongUsMiniGame.swift */; };
		AE3FC8D52641989800693955 /* TestSwiftUIApp.swift in Sources */ = {isa = PBXBuildFile; fileRef = AE3FC8D42641989800693955 /* TestSwiftUIApp.swift */; };
		AE3FC8D72641989800693955 /* ContentView.swift in Sources */ = {isa = PBXBuildFile; fileRef = AE3FC8D62641989800693955 /* ContentView.swift */; };
		AE3FC8D92641989900693955 /* Assets.xcassets in Resources */ = {isa = PBXBuildFile; fileRef = AE3FC8D82641989900693955 /* Assets.xcassets */; };
		AE3FC8DC2641989900693955 /* Preview Assets.xcassets in Resources */ = {isa = PBXBuildFile; fileRef = AE3FC8DB2641989900693955 /* Preview Assets.xcassets */; };
		AE3FC8E72641989900693955 /* TestSwiftUITests.swift in Sources */ = {isa = PBXBuildFile; fileRef = AE3FC8E62641989900693955 /* TestSwiftUITests.swift */; };
		AE3FC8F22641989900693955 /* TestSwiftUIUITests.swift in Sources */ = {isa = PBXBuildFile; fileRef = AE3FC8F12641989900693955 /* TestSwiftUIUITests.swift */; };
/* End PBXBuildFile section */

/* Begin PBXContainerItemProxy section */
		AE3FC8E32641989900693955 /* PBXContainerItemProxy */ = {
			isa = PBXContainerItemProxy;
			containerPortal = AE3FC8C92641989800693955 /* Project object */;
			proxyType = 1;
			remoteGlobalIDString = AE3FC8D02641989800693955;
			remoteInfo = TestSwiftUI;
		};
		AE3FC8EE2641989900693955 /* PBXContainerItemProxy */ = {
			isa = PBXContainerItemProxy;
			containerPortal = AE3FC8C92641989800693955 /* Project object */;
			proxyType = 1;
			remoteGlobalIDString = AE3FC8D02641989800693955;
			remoteInfo = TestSwiftUI;
		};
/* End PBXContainerItemProxy section */

/* Begin PBXFileReference section */
		AE1BD1FA2641A60C00F9E74C /* AlertHider.swift */ = {isa = PBXFileReference; lastKnownFileType = sourcecode.swift; path = AlertHider.swift; sourceTree = "<group>"; };
		AE1BD1FE2641AB2E00F9E74C /* AmongUsMiniGame.swift */ = {isa = PBXFileReference; lastKnownFileType = sourcecode.swift; path = AmongUsMiniGame.swift; sourceTree = "<group>"; };
		AE3FC8D12641989800693955 /* TestSwiftUI.app */ = {isa = PBXFileReference; explicitFileType = wrapper.application; includeInIndex = 0; path = TestSwiftUI.app; sourceTree = BUILT_PRODUCTS_DIR; };
		AE3FC8D42641989800693955 /* TestSwiftUIApp.swift */ = {isa = PBXFileReference; lastKnownFileType = sourcecode.swift; path = TestSwiftUIApp.swift; sourceTree = "<group>"; };
		AE3FC8D62641989800693955 /* ContentView.swift */ = {isa = PBXFileReference; lastKnownFileType = sourcecode.swift; path = ContentView.swift; sourceTree = "<group>"; };
		AE3FC8D82641989900693955 /* Assets.xcassets */ = {isa = PBXFileReference; lastKnownFileType = folder.assetcatalog; path = Assets.xcassets; sourceTree = "<group>"; };
		AE3FC8DB2641989900693955 /* Preview Assets.xcassets */ = {isa = PBXFileReference; lastKnownFileType = folder.assetcatalog; path = "Preview Assets.xcassets"; sourceTree = "<group>"; };
		AE3FC8DD2641989900693955 /* Info.plist */ = {isa = PBXFileReference; lastKnownFileType = text.plist.xml; path = Info.plist; sourceTree = "<group>"; };
		AE3FC8E22641989900693955 /* TestSwiftUITests.xctest */ = {isa = PBXFileReference; explicitFileType = wrapper.cfbundle; includeInIndex = 0; path = TestSwiftUITests.xctest; sourceTree = BUILT_PRODUCTS_DIR; };
		AE3FC8E62641989900693955 /* TestSwiftUITests.swift */ = {isa = PBXFileReference; lastKnownFileType = sourcecode.swift; path = TestSwiftUITests.swift; sourceTree = "<group>"; };
		AE3FC8E82641989900693955 /* Info.plist */ = {isa = PBXFileReference; lastKnownFileType = text.plist.xml; path = Info.plist; sourceTree = "<group>"; };
		AE3FC8ED2641989900693955 /* TestSwiftUIUITests.xctest */ = {isa = PBXFileReference; explicitFileType = wrapper.cfbundle; includeInIndex = 0; path = TestSwiftUIUITests.xctest; sourceTree = BUILT_PRODUCTS_DIR; };
		AE3FC8F12641989900693955 /* TestSwiftUIUITests.swift */ = {isa = PBXFileReference; lastKnownFileType = sourcecode.swift; path = TestSwiftUIUITests.swift; sourceTree = "<group>"; };
		AE3FC8F32641989900693955 /* Info.plist */ = {isa = PBXFileReference; lastKnownFileType = text.plist.xml; path = Info.plist; sourceTree = "<group>"; };
/* End PBXFileReference section */

/* Begin PBXFrameworksBuildPhase section */
		AE3FC8CE2641989800693955 /* Frameworks */ = {
			isa = PBXFrameworksBuildPhase;
			buildActionMask = 2147483647;
			files = (
			);
			runOnlyForDeploymentPostprocessing = 0;
		};
		AE3FC8DF2641989900693955 /* Frameworks */ = {
			isa = PBXFrameworksBuildPhase;
			buildActionMask = 2147483647;
			files = (
			);
			runOnlyForDeploymentPostprocessing = 0;
		};
		AE3FC8EA2641989900693955 /* Frameworks */ = {
			isa = PBXFrameworksBuildPhase;
			buildActionMask = 2147483647;
			files = (
			);
			runOnlyForDeploymentPostprocessing = 0;
		};
/* End PBXFrameworksBuildPhase section */

/* Begin PBXGroup section */
		AE3FC8C82641989800693955 = {
			isa = PBXGroup;
			children = (
				AE3FC8D32641989800693955 /* TestSwiftUI */,
				AE3FC8E52641989900693955 /* TestSwiftUITests */,
				AE3FC8F02641989900693955 /* TestSwiftUIUITests */,
				AE3FC8D22641989800693955 /* Products */,
			);
			sourceTree = "<group>";
		};
		AE3FC8D22641989800693955 /* Products */ = {
			isa = PBXGroup;
			children = (
				AE3FC8D12641989800693955 /* TestSwiftUI.app */,
				AE3FC8E22641989900693955 /* TestSwiftUITests.xctest */,
				AE3FC8ED2641989900693955 /* TestSwiftUIUITests.xctest */,
			);
			name = Products;
			sourceTree = "<group>";
		};
		AE3FC8D32641989800693955 /* TestSwiftUI */ = {
			isa = PBXGroup;
			children = (
				AE3FC8D42641989800693955 /* TestSwiftUIApp.swift */,
				AE3FC8D62641989800693955 /* ContentView.swift */,
				AE1BD1FA2641A60C00F9E74C /* AlertHider.swift */,
				AE3FC8D82641989900693955 /* Assets.xcassets */,
				AE3FC8DD2641989900693955 /* Info.plist */,
				AE3FC8DA2641989900693955 /* Preview Content */,
				AE1BD1FE2641AB2E00F9E74C /* AmongUsMiniGame.swift */,
			);
			path = TestSwiftUI;
			sourceTree = "<group>";
		};
		AE3FC8DA2641989900693955 /* Preview Content */ = {
			isa = PBXGroup;
			children = (
				AE3FC8DB2641989900693955 /* Preview Assets.xcassets */,
			);
			path = "Preview Content";
			sourceTree = "<group>";
		};
		AE3FC8E52641989900693955 /* TestSwiftUITests */ = {
			isa = PBXGroup;
			children = (
				AE3FC8E62641989900693955 /* TestSwiftUITests.swift */,
				AE3FC8E82641989900693955 /* Info.plist */,
			);
			path = TestSwiftUITests;
			sourceTree = "<group>";
		};
		AE3FC8F02641989900693955 /* TestSwiftUIUITests */ = {
			isa = PBXGroup;
			children = (
				AE3FC8F12641989900693955 /* TestSwiftUIUITests.swift */,
				AE3FC8F32641989900693955 /* Info.plist */,
			);
			path = TestSwiftUIUITests;
			sourceTree = "<group>";
		};
/* End PBXGroup section */

/* Begin PBXNativeTarget section */
		AE3FC8D02641989800693955 /* TestSwiftUI */ = {
			isa = PBXNativeTarget;
			buildConfigurationList = AE3FC8F62641989A00693955 /* Build configuration list for PBXNativeTarget "TestSwiftUI" */;
			buildPhases = (
				AE3FC8CD2641989800693955 /* Sources */,
				AE3FC8CE2641989800693955 /* Frameworks */,
				AE3FC8CF2641989800693955 /* Resources */,
			);
			buildRules = (
			);
			dependencies = (
			);
			name = TestSwiftUI;
			productName = TestSwiftUI;
			productReference = AE3FC8D12641989800693955 /* TestSwiftUI.app */;
			productType = "com.apple.product-type.application";
		};
		AE3FC8E12641989900693955 /* TestSwiftUITests */ = {
			isa = PBXNativeTarget;
			buildConfigurationList = AE3FC8F92641989A00693955 /* Build configuration list for PBXNativeTarget "TestSwiftUITests" */;
			buildPhases = (
				AE3FC8DE2641989900693955 /* Sources */,
				AE3FC8DF2641989900693955 /* Frameworks */,
				AE3FC8E02641989900693955 /* Resources */,
			);
			buildRules = (
			);
			dependencies = (
				AE3FC8E42641989900693955 /* PBXTargetDependency */,
			);
			name = TestSwiftUITests;
			productName = TestSwiftUITests;
			productReference = AE3FC8E22641989900693955 /* TestSwiftUITests.xctest */;
			productType = "com.apple.product-type.bundle.unit-test";
		};
		AE3FC8EC2641989900693955 /* TestSwiftUIUITests */ = {
			isa = PBXNativeTarget;
			buildConfigurationList = AE3FC8FC2641989A00693955 /* Build configuration list for PBXNativeTarget "TestSwiftUIUITests" */;
			buildPhases = (
				AE3FC8E92641989900693955 /* Sources */,
				AE3FC8EA2641989900693955 /* Frameworks */,
				AE3FC8EB2641989900693955 /* Resources */,
			);
			buildRules = (
			);
			dependencies = (
				AE3FC8EF2641989900693955 /* PBXTargetDependency */,
			);
			name = TestSwiftUIUITests;
			productName = TestSwiftUIUITests;
			productReference = AE3FC8ED2641989900693955 /* TestSwiftUIUITests.xctest */;
			productType = "com.apple.product-type.bundle.ui-testing";
		};
/* End PBXNativeTarget section */

/* Begin PBXProject section */
		AE3FC8C92641989800693955 /* Project object */ = {
			isa = PBXProject;
			attributes = {
				LastSwiftUpdateCheck = 1250;
				LastUpgradeCheck = 1250;
				TargetAttributes = {
					AE3FC8D02641989800693955 = {
						CreatedOnToolsVersion = 12.5;
					};
					AE3FC8E12641989900693955 = {
						CreatedOnToolsVersion = 12.5;
						TestTargetID = AE3FC8D02641989800693955;
					};
					AE3FC8EC2641989900693955 = {
						CreatedOnToolsVersion = 12.5;
						TestTargetID = AE3FC8D02641989800693955;
					};
				};
			};
			buildConfigurationList = AE3FC8CC2641989800693955 /* Build configuration list for PBXProject "TestSwiftUI" */;
			compatibilityVersion = "Xcode 9.3";
			developmentRegion = en;
			hasScannedForEncodings = 0;
			knownRegions = (
				en,
				Base,
			);
			mainGroup = AE3FC8C82641989800693955;
			productRefGroup = AE3FC8D22641989800693955 /* Products */;
			projectDirPath = "";
			projectRoot = "";
			targets = (
				AE3FC8D02641989800693955 /* TestSwiftUI */,
				AE3FC8E12641989900693955 /* TestSwiftUITests */,
				AE3FC8EC2641989900693955 /* TestSwiftUIUITests */,
			);
		};
/* End PBXProject section */

/* Begin PBXResourcesBuildPhase section */
		AE3FC8CF2641989800693955 /* Resources */ = {
			isa = PBXResourcesBuildPhase;
			buildActionMask = 2147483647;
			files = (
				AE3FC8DC2641989900693955 /* Preview Assets.xcassets in Resources */,
				AE3FC8D92641989900693955 /* Assets.xcassets in Resources */,
			);
			runOnlyForDeploymentPostprocessing = 0;
		};
		AE3FC8E02641989900693955 /* Resources */ = {
			isa = PBXResourcesBuildPhase;
			buildActionMask = 2147483647;
			files = (
			);
			runOnlyForDeploymentPostprocessing = 0;
		};
		AE3FC8EB2641989900693955 /* Resources */ = {
			isa = PBXResourcesBuildPhase;
			buildActionMask = 2147483647;
			files = (
			);
			runOnlyForDeploymentPostprocessing = 0;
		};
/* End PBXResourcesBuildPhase section */

/* Begin PBXSourcesBuildPhase section */
		AE3FC8CD2641989800693955 /* Sources */ = {
			isa = PBXSourcesBuildPhase;
			buildActionMask = 2147483647;
			files = (
				AE1BD1FB2641A60C00F9E74C /* AlertHider.swift in Sources */,
				AE1BD1FF2641AB2E00F9E74C /* AmongUsMiniGame.swift in Sources */,
				AE3FC8D72641989800693955 /* ContentView.swift in Sources */,
				AE3FC8D52641989800693955 /* TestSwiftUIApp.swift in Sources */,
			);
			runOnlyForDeploymentPostprocessing = 0;
		};
		AE3FC8DE2641989900693955 /* Sources */ = {
			isa = PBXSourcesBuildPhase;
			buildActionMask = 2147483647;
			files = (
				AE3FC8E72641989900693955 /* TestSwiftUITests.swift in Sources */,
			);
			runOnlyForDeploymentPostprocessing = 0;
		};
		AE3FC8E92641989900693955 /* Sources */ = {
			isa = PBXSourcesBuildPhase;
			buildActionMask = 2147483647;
			files = (
				AE3FC8F22641989900693955 /* TestSwiftUIUITests.swift in Sources */,
			);
			runOnlyForDeploymentPostprocessing = 0;
		};
/* End PBXSourcesBuildPhase section */

/* Begin PBXTargetDependency section */
		AE3FC8E42641989900693955 /* PBXTargetDependency */ = {
			isa = PBXTargetDependency;
			target = AE3FC8D02641989800693955 /* TestSwiftUI */;
			targetProxy = AE3FC8E32641989900693955 /* PBXContainerItemProxy */;
		};
		AE3FC8EF2641989900693955 /* PBXTargetDependency */ = {
			isa = PBXTargetDependency;
			target = AE3FC8D02641989800693955 /* TestSwiftUI */;
			targetProxy = AE3FC8EE2641989900693955 /* PBXContainerItemProxy */;
		};
/* End PBXTargetDependency section */

/* Begin XCBuildConfiguration section */
		AE3FC8F42641989A00693955 /* Debug */ = {
			isa = XCBuildConfiguration;
			buildSettings = {
				ALWAYS_SEARCH_USER_PATHS = NO;
				CLANG_ANALYZER_NONNULL = YES;
				CLANG_ANALYZER_NUMBER_OBJECT_CONVERSION = YES_AGGRESSIVE;
				CLANG_CXX_LANGUAGE_STANDARD = "gnu++14";
				CLANG_CXX_LIBRARY = "libc++";
				CLANG_ENABLE_MODULES = YES;
				CLANG_ENABLE_OBJC_ARC = YES;
				CLANG_ENABLE_OBJC_WEAK = YES;
				CLANG_WARN_BLOCK_CAPTURE_AUTORELEASING = YES;
				CLANG_WARN_BOOL_CONVERSION = YES;
				CLANG_WARN_COMMA = YES;
				CLANG_WARN_CONSTANT_CONVERSION = YES;
				CLANG_WARN_DEPRECATED_OBJC_IMPLEMENTATIONS = YES;
				CLANG_WARN_DIRECT_OBJC_ISA_USAGE = YES_ERROR;
				CLANG_WARN_DOCUMENTATION_COMMENTS = YES;
				CLANG_WARN_EMPTY_BODY = YES;
				CLANG_WARN_ENUM_CONVERSION = YES;
				CLANG_WARN_INFINITE_RECURSION = YES;
				CLANG_WARN_INT_CONVERSION = YES;
				CLANG_WARN_NON_LITERAL_NULL_CONVERSION = YES;
				CLANG_WARN_OBJC_IMPLICIT_RETAIN_SELF = YES;
				CLANG_WARN_OBJC_LITERAL_CONVERSION = YES;
				CLANG_WARN_OBJC_ROOT_CLASS = YES_ERROR;
				CLANG_WARN_QUOTED_INCLUDE_IN_FRAMEWORK_HEADER = YES;
				CLANG_WARN_RANGE_LOOP_ANALYSIS = YES;
				CLANG_WARN_STRICT_PROTOTYPES = YES;
				CLANG_WARN_SUSPICIOUS_MOVE = YES;
				CLANG_WARN_UNGUARDED_AVAILABILITY = YES_AGGRESSIVE;
				CLANG_WARN_UNREACHABLE_CODE = YES;
				CLANG_WARN__DUPLICATE_METHOD_MATCH = YES;
				COPY_PHASE_STRIP = NO;
				DEBUG_INFORMATION_FORMAT = dwarf;
				ENABLE_STRICT_OBJC_MSGSEND = YES;
				ENABLE_TESTABILITY = YES;
				GCC_C_LANGUAGE_STANDARD = gnu11;
				GCC_DYNAMIC_NO_PIC = NO;
				GCC_NO_COMMON_BLOCKS = YES;
				GCC_OPTIMIZATION_LEVEL = 0;
				GCC_PREPROCESSOR_DEFINITIONS = (
					"DEBUG=1",
					"$(inherited)",
				);
				GCC_WARN_64_TO_32_BIT_CONVERSION = YES;
				GCC_WARN_ABOUT_RETURN_TYPE = YES_ERROR;
				GCC_WARN_UNDECLARED_SELECTOR = YES;
				GCC_WARN_UNINITIALIZED_AUTOS = YES_AGGRESSIVE;
				GCC_WARN_UNUSED_FUNCTION = YES;
				GCC_WARN_UNUSED_VARIABLE = YES;
				IPHONEOS_DEPLOYMENT_TARGET = 14.5;
				MTL_ENABLE_DEBUG_INFO = INCLUDE_SOURCE;
				MTL_FAST_MATH = YES;
				ONLY_ACTIVE_ARCH = YES;
				SDKROOT = iphoneos;
				SWIFT_ACTIVE_COMPILATION_CONDITIONS = DEBUG;
				SWIFT_OPTIMIZATION_LEVEL = "-Onone";
			};
			name = Debug;
		};
		AE3FC8F52641989A00693955 /* Release */ = {
			isa = XCBuildConfiguration;
			buildSettings = {
				ALWAYS_SEARCH_USER_PATHS = NO;
				CLANG_ANALYZER_NONNULL = YES;
				CLANG_ANALYZER_NUMBER_OBJECT_CONVERSION = YES_AGGRESSIVE;
				CLANG_CXX_LANGUAGE_STANDARD = "gnu++14";
				CLANG_CXX_LIBRARY = "libc++";
				CLANG_ENABLE_MODULES = YES;
				CLANG_ENABLE_OBJC_ARC = YES;
				CLANG_ENABLE_OBJC_WEAK = YES;
				CLANG_WARN_BLOCK_CAPTURE_AUTORELEASING = YES;
				CLANG_WARN_BOOL_CONVERSION = YES;
				CLANG_WARN_COMMA = YES;
				CLANG_WARN_CONSTANT_CONVERSION = YES;
				CLANG_WARN_DEPRECATED_OBJC_IMPLEMENTATIONS = YES;
				CLANG_WARN_DIRECT_OBJC_ISA_USAGE = YES_ERROR;
				CLANG_WARN_DOCUMENTATION_COMMENTS = YES;
				CLANG_WARN_EMPTY_BODY = YES;
				CLANG_WARN_ENUM_CONVERSION = YES;
				CLANG_WARN_INFINITE_RECURSION = YES;
				CLANG_WARN_INT_CONVERSION = YES;
				CLANG_WARN_NON_LITERAL_NULL_CONVERSION = YES;
				CLANG_WARN_OBJC_IMPLICIT_RETAIN_SELF = YES;
				CLANG_WARN_OBJC_LITERAL_CONVERSION = YES;
				CLANG_WARN_OBJC_ROOT_CLASS = YES_ERROR;
				CLANG_WARN_QUOTED_INCLUDE_IN_FRAMEWORK_HEADER = YES;
				CLANG_WARN_RANGE_LOOP_ANALYSIS = YES;
				CLANG_WARN_STRICT_PROTOTYPES = YES;
				CLANG_WARN_SUSPICIOUS_MOVE = YES;
				CLANG_WARN_UNGUARDED_AVAILABILITY = YES_AGGRESSIVE;
				CLANG_WARN_UNREACHABLE_CODE = YES;
				CLANG_WARN__DUPLICATE_METHOD_MATCH = YES;
				COPY_PHASE_STRIP = NO;
				DEBUG_INFORMATION_FORMAT = "dwarf-with-dsym";
				ENABLE_NS_ASSERTIONS = NO;
				ENABLE_STRICT_OBJC_MSGSEND = YES;
				GCC_C_LANGUAGE_STANDARD = gnu11;
				GCC_NO_COMMON_BLOCKS = YES;
				GCC_WARN_64_TO_32_BIT_CONVERSION = YES;
				GCC_WARN_ABOUT_RETURN_TYPE = YES_ERROR;
				GCC_WARN_UNDECLARED_SELECTOR = YES;
				GCC_WARN_UNINITIALIZED_AUTOS = YES_AGGRESSIVE;
				GCC_WARN_UNUSED_FUNCTION = YES;
				GCC_WARN_UNUSED_VARIABLE = YES;
				IPHONEOS_DEPLOYMENT_TARGET = 14.5;
				MTL_ENABLE_DEBUG_INFO = NO;
				MTL_FAST_MATH = YES;
				SDKROOT = iphoneos;
				SWIFT_COMPILATION_MODE = wholemodule;
				SWIFT_OPTIMIZATION_LEVEL = "-O";
				VALIDATE_PRODUCT = YES;
			};
			name = Release;
		};
		AE3FC8F72641989A00693955 /* Debug */ = {
			isa = XCBuildConfiguration;
			buildSettings = {
				ASSETCATALOG_COMPILER_APPICON_NAME = AppIcon;
				ASSETCATALOG_COMPILER_GLOBAL_ACCENT_COLOR_NAME = AccentColor;
				CODE_SIGN_STYLE = Automatic;
				DEVELOPMENT_ASSET_PATHS = "\"TestSwiftUI/Preview Content\"";
				DEVELOPMENT_TEAM = J62PVJ69GK;
				ENABLE_PREVIEWS = YES;
				INFOPLIST_FILE = TestSwiftUI/Info.plist;
				IPHONEOS_DEPLOYMENT_TARGET = 14.0;
				LD_RUNPATH_SEARCH_PATHS = (
					"$(inherited)",
					"@executable_path/Frameworks",
				);
				PRODUCT_BUNDLE_IDENTIFIER = amirzigangaraev.TestSwiftUI;
				PRODUCT_NAME = "$(TARGET_NAME)";
				SWIFT_VERSION = 5.0;
				TARGETED_DEVICE_FAMILY = "1,2";
			};
			name = Debug;
		};
		AE3FC8F82641989A00693955 /* Release */ = {
			isa = XCBuildConfiguration;
			buildSettings = {
				ASSETCATALOG_COMPILER_APPICON_NAME = AppIcon;
				ASSETCATALOG_COMPILER_GLOBAL_ACCENT_COLOR_NAME = AccentColor;
				CODE_SIGN_STYLE = Automatic;
				DEVELOPMENT_ASSET_PATHS = "\"TestSwiftUI/Preview Content\"";
				DEVELOPMENT_TEAM = J62PVJ69GK;
				ENABLE_PREVIEWS = YES;
				INFOPLIST_FILE = TestSwiftUI/Info.plist;
				IPHONEOS_DEPLOYMENT_TARGET = 14.0;
				LD_RUNPATH_SEARCH_PATHS = (
					"$(inherited)",
					"@executable_path/Frameworks",
				);
				PRODUCT_BUNDLE_IDENTIFIER = amirzigangaraev.TestSwiftUI;
				PRODUCT_NAME = "$(TARGET_NAME)";
				SWIFT_VERSION = 5.0;
				TARGETED_DEVICE_FAMILY = "1,2";
			};
			name = Release;
		};
		AE3FC8FA2641989A00693955 /* Debug */ = {
			isa = XCBuildConfiguration;
			buildSettings = {
				ALWAYS_EMBED_SWIFT_STANDARD_LIBRARIES = YES;
				BUNDLE_LOADER = "$(TEST_HOST)";
				CODE_SIGN_STYLE = Automatic;
				DEVELOPMENT_TEAM = J62PVJ69GK;
				INFOPLIST_FILE = TestSwiftUITests/Info.plist;
				IPHONEOS_DEPLOYMENT_TARGET = 14.0;
				LD_RUNPATH_SEARCH_PATHS = (
					"$(inherited)",
					"@executable_path/Frameworks",
					"@loader_path/Frameworks",
				);
				PRODUCT_BUNDLE_IDENTIFIER = amirzigangaraev.TestSwiftUITests;
				PRODUCT_NAME = "$(TARGET_NAME)";
				SWIFT_VERSION = 5.0;
				TARGETED_DEVICE_FAMILY = "1,2";
				TEST_HOST = "$(BUILT_PRODUCTS_DIR)/TestSwiftUI.app/TestSwiftUI";
			};
			name = Debug;
		};
		AE3FC8FB2641989A00693955 /* Release */ = {
			isa = XCBuildConfiguration;
			buildSettings = {
				ALWAYS_EMBED_SWIFT_STANDARD_LIBRARIES = YES;
				BUNDLE_LOADER = "$(TEST_HOST)";
				CODE_SIGN_STYLE = Automatic;
				DEVELOPMENT_TEAM = J62PVJ69GK;
				INFOPLIST_FILE = TestSwiftUITests/Info.plist;
				IPHONEOS_DEPLOYMENT_TARGET = 14.0;
				LD_RUNPATH_SEARCH_PATHS = (
					"$(inherited)",
					"@executable_path/Frameworks",
					"@loader_path/Frameworks",
				);
				PRODUCT_BUNDLE_IDENTIFIER = amirzigangaraev.TestSwiftUITests;
				PRODUCT_NAME = "$(TARGET_NAME)";
				SWIFT_VERSION = 5.0;
				TARGETED_DEVICE_FAMILY = "1,2";
				TEST_HOST = "$(BUILT_PRODUCTS_DIR)/TestSwiftUI.app/TestSwiftUI";
			};
			name = Release;
		};
		AE3FC8FD2641989A00693955 /* Debug */ = {
			isa = XCBuildConfiguration;
			buildSettings = {
				ALWAYS_EMBED_SWIFT_STANDARD_LIBRARIES = YES;
				CODE_SIGN_STYLE = Automatic;
				DEVELOPMENT_TEAM = J62PVJ69GK;
				INFOPLIST_FILE = TestSwiftUIUITests/Info.plist;
				LD_RUNPATH_SEARCH_PATHS = (
					"$(inherited)",
					"@executable_path/Frameworks",
					"@loader_path/Frameworks",
				);
				PRODUCT_BUNDLE_IDENTIFIER = amirzigangaraev.TestSwiftUIUITests;
				PRODUCT_NAME = "$(TARGET_NAME)";
				SWIFT_VERSION = 5.0;
				TARGETED_DEVICE_FAMILY = "1,2";
				TEST_TARGET_NAME = TestSwiftUI;
			};
			name = Debug;
		};
		AE3FC8FE2641989A00693955 /* Release */ = {
			isa = XCBuildConfiguration;
			buildSettings = {
				ALWAYS_EMBED_SWIFT_STANDARD_LIBRARIES = YES;
				CODE_SIGN_STYLE = Automatic;
				DEVELOPMENT_TEAM = J62PVJ69GK;
				INFOPLIST_FILE = TestSwiftUIUITests/Info.plist;
				LD_RUNPATH_SEARCH_PATHS = (
					"$(inherited)",
					"@executable_path/Frameworks",
					"@loader_path/Frameworks",
				);
				PRODUCT_BUNDLE_IDENTIFIER = amirzigangaraev.TestSwiftUIUITests;
				PRODUCT_NAME = "$(TARGET_NAME)";
				SWIFT_VERSION = 5.0;
				TARGETED_DEVICE_FAMILY = "1,2";
				TEST_TARGET_NAME = TestSwiftUI;
			};
			name = Release;
		};
/* End XCBuildConfiguration section */

/* Begin XCConfigurationList section */
		AE3FC8CC2641989800693955 /* Build configuration list for PBXProject "TestSwiftUI" */ = {
			isa = XCConfigurationList;
			buildConfigurations = (
				AE3FC8F42641989A00693955 /* Debug */,
				AE3FC8F52641989A00693955 /* Release */,
			);
			defaultConfigurationIsVisible = 0;
			defaultConfigurationName = Release;
		};
		AE3FC8F62641989A00693955 /* Build configuration list for PBXNativeTarget "TestSwiftUI" */ = {
			isa = XCConfigurationList;
			buildConfigurations = (
				AE3FC8F72641989A00693955 /* Debug */,
				AE3FC8F82641989A00693955 /* Release */,
			);
			defaultConfigurationIsVisible = 0;
			defaultConfigurationName = Release;
		};
		AE3FC8F92641989A00693955 /* Build configuration list for PBXNativeTarget "TestSwiftUITests" */ = {
			isa = XCConfigurationList;
			buildConfigurations = (
				AE3FC8FA2641989A00693955 /* Debug */,
				AE3FC8FB2641989A00693955 /* Release */,
			);
			defaultConfigurationIsVisible = 0;
			defaultConfigurationName = Release;
		};
		AE3FC8FC2641989A00693955 /* Build configuration list for PBXNativeTarget "TestSwiftUIUITests" */ = {
			isa = XCConfigurationList;
			buildConfigurations = (
				AE3FC8FD2641989A00693955 /* Debug */,
				AE3FC8FE2641989A00693955 /* Release */,
			);
			defaultConfigurationIsVisible = 0;
			defaultConfigurationName = Release;
		};
/* End XCConfigurationList section */
	};
	rootObject = AE3FC8C92641989800693955 /* Project object */;
}
